{
  "requires": true,
  "lockfileVersion": 1,
  "dependencies": {
    "show-toast": {
      "version": "1.1.4",
      "resolved": "https://registry.npmjs.org/show-toast/-/show-toast-1.1.4.tgz",
      "integrity": "sha512-pHmJHfD0AUgPqqaNDYXkXaatT6H7UXg6hLGT76W+YW1Zt4hAgtF7UGF6zRDFXB/zxIjCA2jGr1exlrg3FmmITw=="
    },
    "vue-toastification": {
      "version": "1.7.14",
      "resolved": "https://registry.npmjs.org/vue-toastification/-/vue-toastification-1.7.14.tgz",
      "integrity": "sha512-khZR8t3NWZ/JJ2MZxXLbesHrRJ8AKa75PY5Zq8yMifF9x8lHq8ljYkC0d2PD9yahooygQB5tcFyRDkbbIPx8hw=="
    }
  }
}
